// !$*UTF8*$!
{
	archiveVersion = 1;
	classes = {
	};
	objectVersion = 46;
	objects = {

/* Begin PBXBuildFile section */
		837E68D61ED38F7400A3F41F /* AppDelegate.swift in Sources */ = {isa = PBXBuildFile; fileRef = 837E68D51ED38F7400A3F41F /* AppDelegate.swift */; };
		837E68D81ED38F7400A3F41F /* ViewController.swift in Sources */ = {isa = PBXBuildFile; fileRef = 837E68D71ED38F7400A3F41F /* ViewController.swift */; };
		837E68DB1ED38F7400A3F41F /* Main.storyboard in Resources */ = {isa = PBXBuildFile; fileRef = 837E68D91ED38F7400A3F41F /* Main.storyboard */; };
		837E68DD1ED38F7400A3F41F /* Assets.xcassets in Resources */ = {isa = PBXBuildFile; fileRef = 837E68DC1ED38F7400A3F41F /* Assets.xcassets */; };
		837E68E01ED38F7400A3F41F /* LaunchScreen.storyboard in Resources */ = {isa = PBXBuildFile; fileRef = 837E68DE1ED38F7400A3F41F /* LaunchScreen.storyboard */; };
/* End PBXBuildFile section */

/* Begin PBXFileReference section */
		837E68D21ED38F7400A3F41F /* PairCodeFlashlight.app */ = {isa = PBXFileReference; explicitFileType = wrapper.application; includeInIndex = 0; path = PairCodeFlashlight.app; sourceTree = BUILT_PRODUCTS_DIR; };
		837E68D51ED38F7400A3F41F /* AppDelegate.swift */ = {isa = PBXFileReference; lastKnownFileType = sourcecode.swift; path = AppDelegate.swift; sourceTree = "<group>"; };
		837E68D71ED38F7400A3F41F /* ViewController.swift */ = {isa = PBXFileReference; lastKnownFileType = sourcecode.swift; path = ViewController.swift; sourceTree = "<group>"; };
		837E68DA1ED38F7400A3F41F /* Base */ = {isa = PBXFileReference; lastKnownFileType = file.storyboard; name = Base; path = Base.lproj/Main.storyboard; sourceTree = "<group>"; };
		837E68DC1ED38F7400A3F41F /* Assets.xcassets */ = {isa = PBXFileReference; lastKnownFileType = folder.assetcatalog; path = Assets.xcassets; sourceTree = "<group>"; };
		837E68DF1ED38F7400A3F41F /* Base */ = {isa = PBXFileReference; lastKnownFileType = file.storyboard; name = Base; path = Base.lproj/LaunchScreen.storyboard; sourceTree = "<group>"; };
		837E68E11ED38F7400A3F41F /* Info.plist */ = {isa = PBXFileReference; lastKnownFileType = text.plist.xml; path = Info.plist; sourceTree = "<group>"; };
/* End PBXFileReference section */

/* Begin PBXFrameworksBuildPhase section */
		837E68CF1ED38F7400A3F41F /* Frameworks */ = {
			isa = PBXFrameworksBuildPhase;
			buildActionMask = 2147483647;
			files = (
			);
			runOnlyForDeploymentPostprocessing = 0;
		};
/* End PBXFrameworksBuildPhase section */

/* Begin PBXGroup section */
		837E68C91ED38F7400A3F41F = {
			isa = PBXGroup;
			children = (
				837E68D41ED38F7400A3F41F /* PairCodeFlashlight */,
				837E68D31ED38F7400A3F41F /* Products */,
			);
			sourceTree = "<group>";
		};
		837E68D31ED38F7400A3F41F /* Products */ = {
			isa = PBXGroup;
			children = (
				837E68D21ED38F7400A3F41F /* PairCodeFlashlight.app */,
			);
			name = Products;
			sourceTree = "<group>";
		};
		837E68D41ED38F7400A3F41F /* PairCodeFlashlight */ = {
			isa = PBXGroup;
			children = (
				837E68D51ED38F7400A3F41F /* AppDelegate.swift */,
				837E68D71ED38F7400A3F41F /* ViewController.swift */,
				837E68D91ED38F7400A3F41F /* Main.storyboard */,
				837E68DC1ED38F7400A3F41F /* Assets.xcassets */,
				837E68DE1ED38F7400A3F41F /* LaunchScreen.storyboard */,
				837E68E11ED38F7400A3F41F /* Info.plist */,
			);
			path = PairCodeFlashlight;
			sourceTree = "<group>";
		};
/* End PBXGroup section */

/* Begin PBXNativeTarget section */
		837E68D11ED38F7400A3F41F /* PairCodeFlashlight */ = {
			isa = PBXNativeTarget;
			buildConfigurationList = 837E68E41ED38F7400A3F41F /* Build configuration list for PBXNativeTarget "PairCodeFlashlight" */;
			buildPhases = (
				837E68CE1ED38F7400A3F41F /* Sources */,
				837E68CF1ED38F7400A3F41F /* Frameworks */,
				837E68D01ED38F7400A3F41F /* Resources */,
			);
			buildRules = (
			);
			dependencies = (
			);
			name = PairCodeFlashlight;
			productName = PairCodeFlashlight;
			productReference = 837E68D21ED38F7400A3F41F /* PairCodeFlashlight.app */;
			productType = "com.apple.product-type.application";
		};
/* End PBXNativeTarget section */

/* Begin PBXProject section */
		837E68CA1ED38F7400A3F41F /* Project object */ = {
			isa = PBXProject;
			attributes = {
				LastSwiftUpdateCheck = 0830;
				LastUpgradeCheck = 0830;
				ORGANIZATIONNAME = "Zac D";
				TargetAttributes = {
					837E68D11ED38F7400A3F41F = {
						CreatedOnToolsVersion = 8.3.2;
						ProvisioningStyle = Automatic;
					};
				};
			};
			buildConfigurationList = 837E68CD1ED38F7400A3F41F /* Build configuration list for PBXProject "PairCodeFlashlight" */;
			compatibilityVersion = "Xcode 3.2";
			developmentRegion = English;
			hasScannedForEncodings = 0;
			knownRegions = (
				en,
				Base,
			);
			mainGroup = 837E68C91ED38F7400A3F41F;
			productRefGroup = 837E68D31ED38F7400A3F41F /* Products */;
			projectDirPath = "";
			projectRoot = "";
			targets = (
				837E68D11ED38F7400A3F41F /* PairCodeFlashlight */,
			);
		};
/* End PBXProject section */

/* Begin PBXResourcesBuildPhase section */
		837E68D01ED38F7400A3F41F /* Resources */ = {
			isa = PBXResourcesBuildPhase;
			buildActionMask = 2147483647;
			files = (
				837E68E01ED38F7400A3F41F /* LaunchScreen.storyboard in Resources */,
				837E68DD1ED38F7400A3F41F /* Assets.xcassets in Resources */,
				837E68DB1ED38F7400A3F41F /* Main.storyboard in Resources */,
			);
			runOnlyForDeploymentPostprocessing = 0;
		};
/* End PBXResourcesBuildPhase section */

/* Begin PBXSourcesBuildPhase section */
		837E68CE1ED38F7400A3F41F /* Sources */ = {
			isa = PBXSourcesBuildPhase;
			buildActionMask = 2147483647;
			files = (
				837E68D81ED38F7400A3F41F /* ViewController.swift in Sources */,
				837E68D61ED38F7400A3F41F /* AppDelegate.swift in Sources */,
			);
			runOnlyForDeploymentPostprocessing = 0;
		};
/* End PBXSourcesBuildPhase section */

/* Begin PBXVariantGroup section */
		837E68D91ED38F7400A3F41F /* Main.storyboard */ = {
			isa = PBXVariantGroup;
			children = (
				837E68DA1ED38F7400A3F41F /* Base */,
			);
			name = Main.storyboard;
			sourceTree = "<group>";
		};
		837E68DE1ED38F7400A3F41F /* LaunchScreen.storyboard */ = {
			isa = PBXVariantGroup;
			children = (
				837E68DF1ED38F7400A3F41F /* Base */,
			);
			name = LaunchScreen.storyboard;
			sourceTree = "<group>";
		};
/* End PBXVariantGroup section */

/* Begin XCBuildConfiguration section */
		837E68E21ED38F7400A3F41F /* Debug */ = {
			isa = XCBuildConfiguration;
			buildSettings = {
				ALWAYS_SEARCH_USER_PATHS = NO;
				CLANG_ANALYZER_NONNULL = YES;
				CLANG_ANALYZER_NUMBER_OBJECT_CONVERSION = YES_AGGRESSIVE;
				CLANG_CXX_LANGUAGE_STANDARD = "gnu++0x";
				CLANG_CXX_LIBRARY = "libc++";
				CLANG_ENABLE_MODULES = YES;
				CLANG_ENABLE_OBJC_ARC = YES;
				CLANG_WARN_BOOL_CONVERSION = YES;
				CLANG_WARN_CONSTANT_CONVERSION = YES;
				CLANG_WARN_DIRECT_OBJC_ISA_USAGE = YES_ERROR;
				CLANG_WARN_DOCUMENTATION_COMMENTS = YES;
				CLANG_WARN_EMPTY_BODY = YES;
				CLANG_WARN_ENUM_CONVERSION = YES;
				CLANG_WARN_INFINITE_RECURSION = YES;
				CLANG_WARN_INT_CONVERSION = YES;
				CLANG_WARN_OBJC_ROOT_CLASS = YES_ERROR;
				CLANG_WARN_SUSPICIOUS_MOVE = YES;
				CLANG_WARN_UNREACHABLE_CODE = YES;
				CLANG_WARN__DUPLICATE_METHOD_MATCH = YES;
				"CODE_SIGN_IDENTITY[sdk=iphoneos*]" = "iPhone Developer";
				COPY_PHASE_STRIP = NO;
				DEBUG_INFORMATION_FORMAT = dwarf;
				ENABLE_STRICT_OBJC_MSGSEND = YES;
				ENABLE_TESTABILITY = YES;
				GCC_C_LANGUAGE_STANDARD = gnu99;
				GCC_DYNAMIC_NO_PIC = NO;
				GCC_NO_COMMON_BLOCKS = YES;
				GCC_OPTIMIZATION_LEVEL = 0;
				GCC_PREPROCESSOR_DEFINITIONS = (
					"DEBUG=1",
					"$(inherited)",
				);
				GCC_WARN_64_TO_32_BIT_CONVERSION = YES;
				GCC_WARN_ABOUT_RETURN_TYPE = YES_ERROR;
				GCC_WARN_UNDECLARED_SELECTOR = YES;
				GCC_WARN_UNINITIALIZED_AUTOS = YES_AGGRESSIVE;
				GCC_WARN_UNUSED_FUNCTION = YES;
				GCC_WARN_UNUSED_VARIABLE = YES;
				IPHONEOS_DEPLOYMENT_TARGET = 10.3;
				MTL_ENABLE_DEBUG_INFO = YES;
				ONLY_ACTIVE_ARCH = YES;
				SDKROOT = iphoneos;
				SWIFT_ACTIVE_COMPILATION_CONDITIONS = DEBUG;
				SWIFT_OPTIMIZATION_LEVEL = "-Onone";
			};
			name = Debug;
		};
		837E68E31ED38F7400A3F41F /* Release */ = {
			isa = XCBuildConfiguration;
			buildSettings = {
				ALWAYS_SEARCH_USER_PATHS = NO;
				CLANG_ANALYZER_NONNULL = YES;
				CLANG_ANALYZER_NUMBER_OBJECT_CONVERSION = YES_AGGRESSIVE;
				CLANG_CXX_LANGUAGE_STANDARD = "gnu++0x";
				CLANG_CXX_LIBRARY = "libc++";
				CLANG_ENABLE_MODULES = YES;
				CLANG_ENABLE_OBJC_ARC = YES;
				CLANG_WARN_BOOL_CONVERSION = YES;
				CLANG_WARN_CONSTANT_CONVERSION = YES;
				CLANG_WARN_DIRECT_OBJC_ISA_USAGE = YES_ERROR;
				CLANG_WARN_DOCUMENTATION_COMMENTS = YES;
				CLANG_WARN_EMPTY_BODY = YES;
				CLANG_WARN_ENUM_CONVERSION = YES;
				CLANG_WARN_INFINITE_RECURSION = YES;
				CLANG_WARN_INT_CONVERSION = YES;
				CLANG_WARN_OBJC_ROOT_CLASS = YES_ERROR;
				CLANG_WARN_SUSPICIOUS_MOVE = YES;
				CLANG_WARN_UNREACHABLE_CODE = YES;
				CLANG_WARN__DUPLICATE_METHOD_MATCH = YES;
				"CODE_SIGN_IDENTITY[sdk=iphoneos*]" = "iPhone Developer";
				COPY_PHASE_STRIP = NO;
				DEBUG_INFORMATION_FORMAT = "dwarf-with-dsym";
				ENABLE_NS_ASSERTIONS = NO;
				ENABLE_STRICT_OBJC_MSGSEND = YES;
				GCC_C_LANGUAGE_STANDARD = gnu99;
				GCC_NO_COMMON_BLOCKS = YES;
				GCC_WARN_64_TO_32_BIT_CONVERSION = YES;
				GCC_WARN_ABOUT_RETURN_TYPE = YES_ERROR;
				GCC_WARN_UNDECLARED_SELECTOR = YES;
				GCC_WARN_UNINITIALIZED_AUTOS = YES_AGGRESSIVE;
				GCC_WARN_UNUSED_FUNCTION = YES;
				GCC_WARN_UNUSED_VARIABLE = YES;
				IPHONEOS_DEPLOYMENT_TARGET = 10.3;
				MTL_ENABLE_DEBUG_INFO = NO;
				SDKROOT = iphoneos;
				SWIFT_OPTIMIZATION_LEVEL = "-Owholemodule";
				VALIDATE_PRODUCT = YES;
			};
			name = Release;
		};
		837E68E51ED38F7400A3F41F /* Debug */ = {
			isa = XCBuildConfiguration;
			buildSettings = {
				ASSETCATALOG_COMPILER_APPICON_NAME = AppIcon;
				INFOPLIST_FILE = PairCodeFlashlight/Info.plist;
				LD_RUNPATH_SEARCH_PATHS = "$(inherited) @executable_path/Frameworks";
				PRODUCT_BUNDLE_IDENTIFIER = com.devmountain.PairCodeFlashlight;
				PRODUCT_NAME = "$(TARGET_NAME)";
				SWIFT_VERSION = 3.0;
			};
			name = Debug;
		};
		837E68E61ED38F7400A3F41F /* Release */ = {
			isa = XCBuildConfiguration;
			buildSettings = {
				ASSETCATALOG_COMPILER_APPICON_NAME = AppIcon;
				INFOPLIST_FILE = PairCodeFlashlight/Info.plist;
				LD_RUNPATH_SEARCH_PATHS = "$(inherited) @executable_path/Frameworks";
				PRODUCT_BUNDLE_IDENTIFIER = com.devmountain.PairCodeFlashlight;
				PRODUCT_NAME = "$(TARGET_NAME)";
				SWIFT_VERSION = 3.0;
			};
			name = Release;
		};
/* End XCBuildConfiguration section */

/* Begin XCConfigurationList section */
		837E68CD1ED38F7400A3F41F /* Build configuration list for PBXProject "PairCodeFlashlight" */ = {
			isa = XCConfigurationList;
			buildConfigurations = (
				837E68E21ED38F7400A3F41F /* Debug */,
				837E68E31ED38F7400A3F41F /* Release */,
			);
			defaultConfigurationIsVisible = 0;
			defaultConfigurationName = Release;
		};
		837E68E41ED38F7400A3F41F /* Build configuration list for PBXNativeTarget "PairCodeFlashlight" */ = {
			isa = XCConfigurationList;
			buildConfigurations = (
				837E68E51ED38F7400A3F41F /* Debug */,
				837E68E61ED38F7400A3F41F /* Release */,
			);
			defaultConfigurationIsVisible = 0;
		};
/* End XCConfigurationList section */
	};
	rootObject = 837E68CA1ED38F7400A3F41F /* Project object */;
}
